
Microsoft Visual Studio Solution File, Format Version 12.00
# Visual Studio Version 17
VisualStudioVersion = 17.3.32922.545
MinimumVisualStudioVersion = 10.0.40219.1
Project("{FAE04EC0-301F-11D3-BF4B-00C04F79EFBC}") = "L9_LPRR_1148822", "L9_LPRR_1148822\L9_LPRR_1148822.csproj", "{B5A1F232-CBA7-43F3-9827-07DE138519B9}"
EndProject
Global
	GlobalSection(SolutionConfigurationPlatforms) = preSolution
		Debug|Any CPU = Debug|Any CPU
		Release|Any CPU = Release|Any CPU
	EndGlobalSection
	GlobalSection(ProjectConfigurationPlatforms) = postSolution
		{B5A1F232-CBA7-43F3-9827-07DE138519B9}.Debug|Any CPU.ActiveCfg = Debug|Any CPU
		{B5A1F232-CBA7-43F3-9827-07DE138519B9}.Debug|Any CPU.Build.0 = Debug|Any CPU
		{B5A1F232-CBA7-43F3-9827-07DE138519B9}.Release|Any CPU.ActiveCfg = Release|Any CPU
		{B5A1F232-CBA7-43F3-9827-07DE138519B9}.Release|Any CPU.Build.0 = Release|Any CPU
	EndGlobalSection
	GlobalSection(SolutionProperties) = preSolution
		HideSolutionNode = FALSE
	EndGlobalSection
	GlobalSection(ExtensibilityGlobals) = postSolution
		SolutionGuid = {5B2EC99F-9244-4D9F-AD07-944262C53A60}
	EndGlobalSection
EndGlobal
